// !$*UTF8*$!
{
	archiveVersion = 1;
	classes = {
	};
	objectVersion = 46;
	objects = {

/* Begin PBXBuildFile section */
		255C95FB1C63ABAA005DC0E9 /* Brandon_light.otf in Resources */ = {isa = PBXBuildFile; fileRef = 255C95FA1C63ABAA005DC0E9 /* Brandon_light.otf */; };
		255C95FE1C653F0E005DC0E9 /* Miller Type Foundry - Swagg.otf in Resources */ = {isa = PBXBuildFile; fileRef = 255C95FD1C653F0A005DC0E9 /* Miller Type Foundry - Swagg.otf */; };
		255C96001C65450E005DC0E9 /* Brandon_reg.otf in Resources */ = {isa = PBXBuildFile; fileRef = 255C95FF1C65450E005DC0E9 /* Brandon_reg.otf */; };
		25F48AD81C68DA0100D0E3CE /* Miller Type Foundry - Swagg-MediumItalic.otf in Resources */ = {isa = PBXBuildFile; fileRef = 25F48AD71C68DA0100D0E3CE /* Miller Type Foundry - Swagg-MediumItalic.otf */; };
		25F48ADA1C6B7FC200D0E3CE /* GoogleService-Info.plist in Resources */ = {isa = PBXBuildFile; fileRef = 25F48AD91C6B7FC200D0E3CE /* GoogleService-Info.plist */; };
		25F48ADB1C6B7FC200D0E3CE /* GoogleService-Info.plist in Resources */ = {isa = PBXBuildFile; fileRef = 25F48AD91C6B7FC200D0E3CE /* GoogleService-Info.plist */; };
		25F48ADC1C6B7FC200D0E3CE /* GoogleService-Info.plist in Resources */ = {isa = PBXBuildFile; fileRef = 25F48AD91C6B7FC200D0E3CE /* GoogleService-Info.plist */; };
		5025D8321C5949B3002FF8F4 /* PopupSuccessViewController.swift in Sources */ = {isa = PBXBuildFile; fileRef = 5025D8311C5949B3002FF8F4 /* PopupSuccessViewController.swift */; };
		5025D8341C5949C5002FF8F4 /* PopupEmailViewController.swift in Sources */ = {isa = PBXBuildFile; fileRef = 5025D8331C5949C5002FF8F4 /* PopupEmailViewController.swift */; };
		5027C9661C8F4041001F764E /* small.pdf in Resources */ = {isa = PBXBuildFile; fileRef = 5027C9651C8F4041001F764E /* small.pdf */; };
		50323CC41C84A6EE00C67935 /* CategoryIcon.swift in Sources */ = {isa = PBXBuildFile; fileRef = 50323CC31C84A6EE00C67935 /* CategoryIcon.swift */; };
		50595DA71C77656E00A58581 /* Untitleddocument.pdf in Resources */ = {isa = PBXBuildFile; fileRef = 50595DA61C77656E00A58581 /* Untitleddocument.pdf */; };
		50D6E19E1C565BB200D2AB95 /* AppDelegate.swift in Sources */ = {isa = PBXBuildFile; fileRef = 50D6E19D1C565BB200D2AB95 /* AppDelegate.swift */; };
		50D6E1A31C565BB200D2AB95 /* Main.storyboard in Resources */ = {isa = PBXBuildFile; fileRef = 50D6E1A11C565BB200D2AB95 /* Main.storyboard */; };
		50D6E1A51C565BB200D2AB95 /* Assets.xcassets in Resources */ = {isa = PBXBuildFile; fileRef = 50D6E1A41C565BB200D2AB95 /* Assets.xcassets */; };
		50D6E1A81C565BB200D2AB95 /* LaunchScreen.storyboard in Resources */ = {isa = PBXBuildFile; fileRef = 50D6E1A61C565BB200D2AB95 /* LaunchScreen.storyboard */; };
		50FB9F481C565F0400FABC78 /* KioskApplication.swift in Sources */ = {isa = PBXBuildFile; fileRef = 50FB9F461C565F0400FABC78 /* KioskApplication.swift */; };
		50FB9F491C565F0400FABC78 /* main.swift in Sources */ = {isa = PBXBuildFile; fileRef = 50FB9F471C565F0400FABC78 /* main.swift */; };
		50FB9F4B1C56603D00FABC78 /* PODClient.swift in Sources */ = {isa = PBXBuildFile; fileRef = 50FB9F4A1C56603D00FABC78 /* PODClient.swift */; };
		50FB9F4D1C56658300FABC78 /* BaseViewController.swift in Sources */ = {isa = PBXBuildFile; fileRef = 50FB9F4C1C56658300FABC78 /* BaseViewController.swift */; };
		50FB9F4F1C5668EC00FABC78 /* PDFViewController.swift in Sources */ = {isa = PBXBuildFile; fileRef = 50FB9F4E1C5668EC00FABC78 /* PDFViewController.swift */; };
		50FB9F521C56710200FABC78 /* UnifyCreative.pdf in Resources */ = {isa = PBXBuildFile; fileRef = 50FB9F511C56710200FABC78 /* UnifyCreative.pdf */; };
		50FB9F541C567A7500FABC78 /* HomeViewController.swift in Sources */ = {isa = PBXBuildFile; fileRef = 50FB9F531C567A7500FABC78 /* HomeViewController.swift */; };
		50FB9F561C569B2500FABC78 /* SettingsViewController.swift in Sources */ = {isa = PBXBuildFile; fileRef = 50FB9F551C569B2500FABC78 /* SettingsViewController.swift */; };
		50FB9F581C56B4B700FABC78 /* PODSettings.swift in Sources */ = {isa = PBXBuildFile; fileRef = 50FB9F571C56B4B700FABC78 /* PODSettings.swift */; };
		50FB9F5A1C57DB2B00FABC78 /* DocumentTree.storyboard in Resources */ = {isa = PBXBuildFile; fileRef = 50FB9F591C57DB2B00FABC78 /* DocumentTree.storyboard */; };
		50FB9F5C1C57DB7F00FABC78 /* DocumentTreeViewController.swift in Sources */ = {isa = PBXBuildFile; fileRef = 50FB9F5B1C57DB7F00FABC78 /* DocumentTreeViewController.swift */; };
		50FB9F5E1C57DDCE00FABC78 /* DocumentTreeSectionCell.swift in Sources */ = {isa = PBXBuildFile; fileRef = 50FB9F5D1C57DDCE00FABC78 /* DocumentTreeSectionCell.swift */; };
		50FB9F601C57E39700FABC78 /* Category.swift in Sources */ = {isa = PBXBuildFile; fileRef = 50FB9F5F1C57E39700FABC78 /* Category.swift */; };
		50FB9F621C57E40500FABC78 /* Content.swift in Sources */ = {isa = PBXBuildFile; fileRef = 50FB9F611C57E40500FABC78 /* Content.swift */; };
		50FB9F641C57EB0900FABC78 /* test.json in Resources */ = {isa = PBXBuildFile; fileRef = 50FB9F631C57EB0900FABC78 /* test.json */; };
		50FB9F661C5916DC00FABC78 /* 1Sum_Attract.mp4 in Resources */ = {isa = PBXBuildFile; fileRef = 50FB9F651C5916DC00FABC78 /* 1Sum_Attract.mp4 */; };
		7509AD861DBF0B6800AFEC2D /* SwiftyJSON.framework in Frameworks */ = {isa = PBXBuildFile; fileRef = 7509AD851DBF0B6800AFEC2D /* SwiftyJSON.framework */; };
		7509AD881DBF0B7A00AFEC2D /* SwiftyJSON.framework in Embed Frameworks */ = {isa = PBXBuildFile; fileRef = 7509AD851DBF0B6800AFEC2D /* SwiftyJSON.framework */; settings = {ATTRIBUTES = (CodeSignOnCopy, RemoveHeadersOnCopy, ); }; };
		818E58E724B582AF75661238 /* Pods_UnifyPOD.framework in Frameworks */ = {isa = PBXBuildFile; fileRef = BCCE62B9A6000ACB9B31794D /* Pods_UnifyPOD.framework */; };
/* End PBXBuildFile section */

/* Begin PBXContainerItemProxy section */
		50D6E1AF1C565BB200D2AB95 /* PBXContainerItemProxy */ = {
			isa = PBXContainerItemProxy;
			containerPortal = 50D6E1921C565BB200D2AB95 /* Project object */;
			proxyType = 1;
			remoteGlobalIDString = 50D6E1991C565BB200D2AB95;
			remoteInfo = Unify;
		};
		50D6E1BA1C565BB200D2AB95 /* PBXContainerItemProxy */ = {
			isa = PBXContainerItemProxy;
			containerPortal = 50D6E1921C565BB200D2AB95 /* Project object */;
			proxyType = 1;
			remoteGlobalIDString = 50D6E1991C565BB200D2AB95;
			remoteInfo = Unify;
		};
/* End PBXContainerItemProxy section */

/* Begin PBXCopyFilesBuildPhase section */
		7509AD891DBF0B7B00AFEC2D /* Embed Frameworks */ = {
			isa = PBXCopyFilesBuildPhase;
			buildActionMask = 2147483647;
			dstPath = "";
			dstSubfolderSpec = 10;
			files = (
				7509AD881DBF0B7A00AFEC2D /* SwiftyJSON.framework in Embed Frameworks */,
			);
			name = "Embed Frameworks";
			runOnlyForDeploymentPostprocessing = 0;
		};
/* End PBXCopyFilesBuildPhase section */

/* Begin PBXFileReference section */
		255C95FA1C63ABAA005DC0E9 /* Brandon_light.otf */ = {isa = PBXFileReference; lastKnownFileType = file; path = Brandon_light.otf; sourceTree = "<group>"; };
		255C95FD1C653F0A005DC0E9 /* Miller Type Foundry - Swagg.otf */ = {isa = PBXFileReference; lastKnownFileType = file; path = "Miller Type Foundry - Swagg.otf"; sourceTree = "<group>"; };
		255C95FF1C65450E005DC0E9 /* Brandon_reg.otf */ = {isa = PBXFileReference; lastKnownFileType = file; path = Brandon_reg.otf; sourceTree = "<group>"; };
		25F48AD71C68DA0100D0E3CE /* Miller Type Foundry - Swagg-MediumItalic.otf */ = {isa = PBXFileReference; lastKnownFileType = file; path = "Miller Type Foundry - Swagg-MediumItalic.otf"; sourceTree = "<group>"; };
		25F48AD91C6B7FC200D0E3CE /* GoogleService-Info.plist */ = {isa = PBXFileReference; fileEncoding = 4; lastKnownFileType = text.plist.xml; path = "GoogleService-Info.plist"; sourceTree = "<group>"; };
		25F48ADD1C6B8E3700D0E3CE /* UnifyBridgingHeader.h */ = {isa = PBXFileReference; fileEncoding = 4; lastKnownFileType = sourcecode.c.h; path = UnifyBridgingHeader.h; sourceTree = "<group>"; };
		2C205E0E09880D50FC6FCF36 /* Pods-UnifyPOD.release.xcconfig */ = {isa = PBXFileReference; includeInIndex = 1; lastKnownFileType = text.xcconfig; name = "Pods-UnifyPOD.release.xcconfig"; path = "Pods/Target Support Files/Pods-UnifyPOD/Pods-UnifyPOD.release.xcconfig"; sourceTree = "<group>"; };
		5025D8311C5949B3002FF8F4 /* PopupSuccessViewController.swift */ = {isa = PBXFileReference; fileEncoding = 4; lastKnownFileType = sourcecode.swift; path = PopupSuccessViewController.swift; sourceTree = "<group>"; };
		5025D8331C5949C5002FF8F4 /* PopupEmailViewController.swift */ = {isa = PBXFileReference; fileEncoding = 4; lastKnownFileType = sourcecode.swift; path = PopupEmailViewController.swift; sourceTree = "<group>"; };
		5027C9651C8F4041001F764E /* small.pdf */ = {isa = PBXFileReference; lastKnownFileType = image.pdf; path = small.pdf; sourceTree = "<group>"; };
		50323CC31C84A6EE00C67935 /* CategoryIcon.swift */ = {isa = PBXFileReference; fileEncoding = 4; lastKnownFileType = sourcecode.swift; path = CategoryIcon.swift; sourceTree = "<group>"; };
		50595DA61C77656E00A58581 /* Untitleddocument.pdf */ = {isa = PBXFileReference; lastKnownFileType = image.pdf; path = Untitleddocument.pdf; sourceTree = "<group>"; };
		50D6E19A1C565BB200D2AB95 /* UnifyPOD.app */ = {isa = PBXFileReference; explicitFileType = wrapper.application; includeInIndex = 0; path = UnifyPOD.app; sourceTree = BUILT_PRODUCTS_DIR; };
		50D6E19D1C565BB200D2AB95 /* AppDelegate.swift */ = {isa = PBXFileReference; lastKnownFileType = sourcecode.swift; path = AppDelegate.swift; sourceTree = "<group>"; };
		50D6E1A21C565BB200D2AB95 /* Base */ = {isa = PBXFileReference; lastKnownFileType = file.storyboard; name = Base; path = Base.lproj/Main.storyboard; sourceTree = "<group>"; };
		50D6E1A41C565BB200D2AB95 /* Assets.xcassets */ = {isa = PBXFileReference; lastKnownFileType = folder.assetcatalog; path = Assets.xcassets; sourceTree = "<group>"; };
		50D6E1A71C565BB200D2AB95 /* Base */ = {isa = PBXFileReference; lastKnownFileType = file.storyboard; name = Base; path = Base.lproj/LaunchScreen.storyboard; sourceTree = "<group>"; };
		50D6E1A91C565BB200D2AB95 /* Info.plist */ = {isa = PBXFileReference; lastKnownFileType = text.plist.xml; path = Info.plist; sourceTree = "<group>"; };
		50D6E1AE1C565BB200D2AB95 /* UnifyPOD.xctest */ = {isa = PBXFileReference; explicitFileType = wrapper.cfbundle; includeInIndex = 0; path = UnifyPOD.xctest; sourceTree = BUILT_PRODUCTS_DIR; };
		50D6E1B91C565BB200D2AB95 /* UnifyPOD.xctest */ = {isa = PBXFileReference; explicitFileType = wrapper.cfbundle; includeInIndex = 0; path = UnifyPOD.xctest; sourceTree = BUILT_PRODUCTS_DIR; };
		50FB9F461C565F0400FABC78 /* KioskApplication.swift */ = {isa = PBXFileReference; fileEncoding = 4; lastKnownFileType = sourcecode.swift; path = KioskApplication.swift; sourceTree = "<group>"; };
		50FB9F471C565F0400FABC78 /* main.swift */ = {isa = PBXFileReference; fileEncoding = 4; lastKnownFileType = sourcecode.swift; path = main.swift; sourceTree = "<group>"; };
		50FB9F4A1C56603D00FABC78 /* PODClient.swift */ = {isa = PBXFileReference; fileEncoding = 4; lastKnownFileType = sourcecode.swift; path = PODClient.swift; sourceTree = "<group>"; };
		50FB9F4C1C56658300FABC78 /* BaseViewController.swift */ = {isa = PBXFileReference; fileEncoding = 4; lastKnownFileType = sourcecode.swift; path = BaseViewController.swift; sourceTree = "<group>"; };
		50FB9F4E1C5668EC00FABC78 /* PDFViewController.swift */ = {isa = PBXFileReference; fileEncoding = 4; lastKnownFileType = sourcecode.swift; path = PDFViewController.swift; sourceTree = "<group>"; };
		50FB9F511C56710200FABC78 /* UnifyCreative.pdf */ = {isa = PBXFileReference; lastKnownFileType = image.pdf; path = UnifyCreative.pdf; sourceTree = "<group>"; };
		50FB9F531C567A7500FABC78 /* HomeViewController.swift */ = {isa = PBXFileReference; fileEncoding = 4; lastKnownFileType = sourcecode.swift; path = HomeViewController.swift; sourceTree = "<group>"; };
		50FB9F551C569B2500FABC78 /* SettingsViewController.swift */ = {isa = PBXFileReference; fileEncoding = 4; lastKnownFileType = sourcecode.swift; path = SettingsViewController.swift; sourceTree = "<group>"; };
		50FB9F571C56B4B700FABC78 /* PODSettings.swift */ = {isa = PBXFileReference; fileEncoding = 4; lastKnownFileType = sourcecode.swift; path = PODSettings.swift; sourceTree = "<group>"; };
		50FB9F591C57DB2B00FABC78 /* DocumentTree.storyboard */ = {isa = PBXFileReference; fileEncoding = 4; lastKnownFileType = file.storyboard; path = DocumentTree.storyboard; sourceTree = "<group>"; };
		50FB9F5B1C57DB7F00FABC78 /* DocumentTreeViewController.swift */ = {isa = PBXFileReference; fileEncoding = 4; lastKnownFileType = sourcecode.swift; path = DocumentTreeViewController.swift; sourceTree = "<group>"; };
		50FB9F5D1C57DDCE00FABC78 /* DocumentTreeSectionCell.swift */ = {isa = PBXFileReference; fileEncoding = 4; lastKnownFileType = sourcecode.swift; path = DocumentTreeSectionCell.swift; sourceTree = "<group>"; };
		50FB9F5F1C57E39700FABC78 /* Category.swift */ = {isa = PBXFileReference; fileEncoding = 4; lastKnownFileType = sourcecode.swift; path = Category.swift; sourceTree = "<group>"; };
		50FB9F611C57E40500FABC78 /* Content.swift */ = {isa = PBXFileReference; fileEncoding = 4; lastKnownFileType = sourcecode.swift; path = Content.swift; sourceTree = "<group>"; };
		50FB9F631C57EB0900FABC78 /* test.json */ = {isa = PBXFileReference; fileEncoding = 4; lastKnownFileType = text.json; path = test.json; sourceTree = "<group>"; };
		50FB9F651C5916DC00FABC78 /* 1Sum_Attract.mp4 */ = {isa = PBXFileReference; lastKnownFileType = file; path = 1Sum_Attract.mp4; sourceTree = "<group>"; };
		7509AD851DBF0B6800AFEC2D /* SwiftyJSON.framework */ = {isa = PBXFileReference; lastKnownFileType = wrapper.framework; name = SwiftyJSON.framework; path = "../../Library/Developer/Xcode/DerivedData/UnifyPOD-astpkvtsifwrlrcqjloiiogbahna/Build/Products/Debug-iphonesimulator/SwiftyJSON/SwiftyJSON.framework"; sourceTree = "<group>"; };
		76E2668DA7EADABB9B88BFDA /* Pods-UnifyPOD.debug.xcconfig */ = {isa = PBXFileReference; includeInIndex = 1; lastKnownFileType = text.xcconfig; name = "Pods-UnifyPOD.debug.xcconfig"; path = "Pods/Target Support Files/Pods-UnifyPOD/Pods-UnifyPOD.debug.xcconfig"; sourceTree = "<group>"; };
		BCCE62B9A6000ACB9B31794D /* Pods_UnifyPOD.framework */ = {isa = PBXFileReference; explicitFileType = wrapper.framework; includeInIndex = 0; path = Pods_UnifyPOD.framework; sourceTree = BUILT_PRODUCTS_DIR; };
/* End PBXFileReference section */

/* Begin PBXFrameworksBuildPhase section */
		50D6E1971C565BB200D2AB95 /* Frameworks */ = {
			isa = PBXFrameworksBuildPhase;
			buildActionMask = 2147483647;
			files = (
				7509AD861DBF0B6800AFEC2D /* SwiftyJSON.framework in Frameworks */,
				818E58E724B582AF75661238 /* Pods_UnifyPOD.framework in Frameworks */,
			);
			runOnlyForDeploymentPostprocessing = 0;
		};
		50D6E1AB1C565BB200D2AB95 /* Frameworks */ = {
			isa = PBXFrameworksBuildPhase;
			buildActionMask = 2147483647;
			files = (
			);
			runOnlyForDeploymentPostprocessing = 0;
		};
		50D6E1B61C565BB200D2AB95 /* Frameworks */ = {
			isa = PBXFrameworksBuildPhase;
			buildActionMask = 2147483647;
			files = (
			);
			runOnlyForDeploymentPostprocessing = 0;
		};
/* End PBXFrameworksBuildPhase section */

/* Begin PBXGroup section */
		15F223BFE8B9A303C3BA5638 /* Pods */ = {
			isa = PBXGroup;
			children = (
				76E2668DA7EADABB9B88BFDA /* Pods-UnifyPOD.debug.xcconfig */,
				2C205E0E09880D50FC6FCF36 /* Pods-UnifyPOD.release.xcconfig */,
			);
			name = Pods;
			sourceTree = "<group>";
		};
		255C95FC1C63EE4F005DC0E9 /* Fonts */ = {
			isa = PBXGroup;
			children = (
				50595DA61C77656E00A58581 /* Untitleddocument.pdf */,
				25F48AD71C68DA0100D0E3CE /* Miller Type Foundry - Swagg-MediumItalic.otf */,
				255C95FF1C65450E005DC0E9 /* Brandon_reg.otf */,
				255C95FD1C653F0A005DC0E9 /* Miller Type Foundry - Swagg.otf */,
				255C95FA1C63ABAA005DC0E9 /* Brandon_light.otf */,
			);
			name = Fonts;
			sourceTree = "<group>";
		};
		25FA713C1C639B24007B3EFF /* Views */ = {
			isa = PBXGroup;
			children = (
				50FB9F531C567A7500FABC78 /* HomeViewController.swift */,
				50FB9F4C1C56658300FABC78 /* BaseViewController.swift */,
				50FB9F551C569B2500FABC78 /* SettingsViewController.swift */,
				50FB9F5B1C57DB7F00FABC78 /* DocumentTreeViewController.swift */,
				50FB9F5D1C57DDCE00FABC78 /* DocumentTreeSectionCell.swift */,
				5025D8311C5949B3002FF8F4 /* PopupSuccessViewController.swift */,
				5025D8331C5949C5002FF8F4 /* PopupEmailViewController.swift */,
				50FB9F4E1C5668EC00FABC78 /* PDFViewController.swift */,
			);
			name = Views;
			sourceTree = "<group>";
		};
		25FA713D1C639B41007B3EFF /* UI */ = {
			isa = PBXGroup;
			children = (
				50FB9F591C57DB2B00FABC78 /* DocumentTree.storyboard */,
				50D6E1A11C565BB200D2AB95 /* Main.storyboard */,
				50D6E1A61C565BB200D2AB95 /* LaunchScreen.storyboard */,
			);
			name = UI;
			sourceTree = "<group>";
		};
		3F2EB099DCAEDE4FF7552314 /* Frameworks */ = {
			isa = PBXGroup;
			children = (
				7509AD851DBF0B6800AFEC2D /* SwiftyJSON.framework */,
				BCCE62B9A6000ACB9B31794D /* Pods_UnifyPOD.framework */,
			);
			name = Frameworks;
			sourceTree = "<group>";
		};
		50D6E1911C565BB200D2AB95 = {
			isa = PBXGroup;
			children = (
				50D6E19C1C565BB200D2AB95 /* Unify */,
				50D6E19B1C565BB200D2AB95 /* Products */,
				15F223BFE8B9A303C3BA5638 /* Pods */,
				3F2EB099DCAEDE4FF7552314 /* Frameworks */,
			);
			sourceTree = "<group>";
		};
		50D6E19B1C565BB200D2AB95 /* Products */ = {
			isa = PBXGroup;
			children = (
				50D6E19A1C565BB200D2AB95 /* UnifyPOD.app */,
				50D6E1AE1C565BB200D2AB95 /* UnifyPOD.xctest */,
				50D6E1B91C565BB200D2AB95 /* UnifyPOD.xctest */,
			);
			name = Products;
			sourceTree = "<group>";
		};
		50D6E19C1C565BB200D2AB95 /* Unify */ = {
			isa = PBXGroup;
			children = (
				25FA713D1C639B41007B3EFF /* UI */,
				25FA713C1C639B24007B3EFF /* Views */,
				50FB9F501C5670E200FABC78 /* Supporting Files */,
				50FB9F451C565ED900FABC78 /* Models */,
				50D6E19D1C565BB200D2AB95 /* AppDelegate.swift */,
				50FB9F4A1C56603D00FABC78 /* PODClient.swift */,
				50FB9F461C565F0400FABC78 /* KioskApplication.swift */,
				50FB9F471C565F0400FABC78 /* main.swift */,
				50D6E1A91C565BB200D2AB95 /* Info.plist */,
				50FB9F571C56B4B700FABC78 /* PODSettings.swift */,
				25F48AD91C6B7FC200D0E3CE /* GoogleService-Info.plist */,
				25F48ADD1C6B8E3700D0E3CE /* UnifyBridgingHeader.h */,
			);
			path = Unify;
			sourceTree = "<group>";
		};
		50FB9F451C565ED900FABC78 /* Models */ = {
			isa = PBXGroup;
			children = (
				50FB9F5F1C57E39700FABC78 /* Category.swift */,
				50FB9F611C57E40500FABC78 /* Content.swift */,
				50323CC31C84A6EE00C67935 /* CategoryIcon.swift */,
			);
			name = Models;
			sourceTree = "<group>";
		};
		50FB9F501C5670E200FABC78 /* Supporting Files */ = {
			isa = PBXGroup;
			children = (
				255C95FC1C63EE4F005DC0E9 /* Fonts */,
				50D6E1A41C565BB200D2AB95 /* Assets.xcassets */,
				5027C9651C8F4041001F764E /* small.pdf */,
				50FB9F511C56710200FABC78 /* UnifyCreative.pdf */,
				50FB9F651C5916DC00FABC78 /* 1Sum_Attract.mp4 */,
				50FB9F631C57EB0900FABC78 /* test.json */,
			);
			name = "Supporting Files";
			sourceTree = "<group>";
		};
/* End PBXGroup section */

/* Begin PBXNativeTarget section */
		50D6E1991C565BB200D2AB95 /* UnifyPOD */ = {
			isa = PBXNativeTarget;
			buildConfigurationList = 50D6E1C21C565BB200D2AB95 /* Build configuration list for PBXNativeTarget "UnifyPOD" */;
			buildPhases = (
				11CE0D1E9E7F1AD65D90478E /* [CP] Check Pods Manifest.lock */,
				50D6E1961C565BB200D2AB95 /* Sources */,
				50D6E1971C565BB200D2AB95 /* Frameworks */,
				50D6E1981C565BB200D2AB95 /* Resources */,
				CC440BF81F87165A8B08B196 /* [CP] Embed Pods Frameworks */,
				48337741A4936A9EFDC45365 /* [CP] Copy Pods Resources */,
				7509AD891DBF0B7B00AFEC2D /* Embed Frameworks */,
			);
			buildRules = (
			);
			dependencies = (
			);
			name = UnifyPOD;
			productName = Unify;
			productReference = 50D6E19A1C565BB200D2AB95 /* UnifyPOD.app */;
			productType = "com.apple.product-type.application";
		};
		50D6E1AD1C565BB200D2AB95 /* UnifyPODTests */ = {
			isa = PBXNativeTarget;
			buildConfigurationList = 50D6E1C51C565BB200D2AB95 /* Build configuration list for PBXNativeTarget "UnifyPODTests" */;
			buildPhases = (
				50D6E1AA1C565BB200D2AB95 /* Sources */,
				50D6E1AB1C565BB200D2AB95 /* Frameworks */,
				50D6E1AC1C565BB200D2AB95 /* Resources */,
			);
			buildRules = (
			);
			dependencies = (
				50D6E1B01C565BB200D2AB95 /* PBXTargetDependency */,
			);
			name = UnifyPODTests;
			productName = UnifyTests;
			productReference = 50D6E1AE1C565BB200D2AB95 /* UnifyPOD.xctest */;
			productType = "com.apple.product-type.bundle.unit-test";
		};
		50D6E1B81C565BB200D2AB95 /* UnifyPODUITests */ = {
			isa = PBXNativeTarget;
			buildConfigurationList = 50D6E1C81C565BB200D2AB95 /* Build configuration list for PBXNativeTarget "UnifyPODUITests" */;
			buildPhases = (
				50D6E1B51C565BB200D2AB95 /* Sources */,
				50D6E1B61C565BB200D2AB95 /* Frameworks */,
				50D6E1B71C565BB200D2AB95 /* Resources */,
			);
			buildRules = (
			);
			dependencies = (
				50D6E1BB1C565BB200D2AB95 /* PBXTargetDependency */,
			);
			name = UnifyPODUITests;
			productName = UnifyUITests;
			productReference = 50D6E1B91C565BB200D2AB95 /* UnifyPOD.xctest */;
			productType = "com.apple.product-type.bundle.ui-testing";
		};
/* End PBXNativeTarget section */

/* Begin PBXProject section */
		50D6E1921C565BB200D2AB95 /* Project object */ = {
			isa = PBXProject;
			attributes = {
				LastSwiftUpdateCheck = 0720;
				LastUpgradeCheck = 0800;
				ORGANIZATIONNAME = Adrenaline;
				TargetAttributes = {
					50D6E1991C565BB200D2AB95 = {
						CreatedOnToolsVersion = 7.2;
						DevelopmentTeam = 8SCC8M6QU6;
						LastSwiftMigration = 0800;
						ProvisioningStyle = Manual;
					};
					50D6E1AD1C565BB200D2AB95 = {
						CreatedOnToolsVersion = 7.2;
						LastSwiftMigration = 0800;
						TestTargetID = 50D6E1991C565BB200D2AB95;
					};
					50D6E1B81C565BB200D2AB95 = {
						CreatedOnToolsVersion = 7.2;
						LastSwiftMigration = 0800;
						TestTargetID = 50D6E1991C565BB200D2AB95;
					};
				};
			};
			buildConfigurationList = 50D6E1951C565BB200D2AB95 /* Build configuration list for PBXProject "UnifyPOD" */;
			compatibilityVersion = "Xcode 3.2";
			developmentRegion = English;
			hasScannedForEncodings = 0;
			knownRegions = (
				en,
				Base,
			);
			mainGroup = 50D6E1911C565BB200D2AB95;
			productRefGroup = 50D6E19B1C565BB200D2AB95 /* Products */;
			projectDirPath = "";
			projectRoot = "";
			targets = (
				50D6E1991C565BB200D2AB95 /* UnifyPOD */,
				50D6E1AD1C565BB200D2AB95 /* UnifyPODTests */,
				50D6E1B81C565BB200D2AB95 /* UnifyPODUITests */,
			);
		};
/* End PBXProject section */

/* Begin PBXResourcesBuildPhase section */
		50D6E1981C565BB200D2AB95 /* Resources */ = {
			isa = PBXResourcesBuildPhase;
			buildActionMask = 2147483647;
			files = (
				50FB9F661C5916DC00FABC78 /* 1Sum_Attract.mp4 in Resources */,
				25F48AD81C68DA0100D0E3CE /* Miller Type Foundry - Swagg-MediumItalic.otf in Resources */,
				50D6E1A81C565BB200D2AB95 /* LaunchScreen.storyboard in Resources */,
				50FB9F5A1C57DB2B00FABC78 /* DocumentTree.storyboard in Resources */,
				50595DA71C77656E00A58581 /* Untitleddocument.pdf in Resources */,
				255C95FE1C653F0E005DC0E9 /* Miller Type Foundry - Swagg.otf in Resources */,
				5027C9661C8F4041001F764E /* small.pdf in Resources */,
				25F48ADA1C6B7FC200D0E3CE /* GoogleService-Info.plist in Resources */,
				255C95FB1C63ABAA005DC0E9 /* Brandon_light.otf in Resources */,
				255C96001C65450E005DC0E9 /* Brandon_reg.otf in Resources */,
				50FB9F641C57EB0900FABC78 /* test.json in Resources */,
				50D6E1A51C565BB200D2AB95 /* Assets.xcassets in Resources */,
				50D6E1A31C565BB200D2AB95 /* Main.storyboard in Resources */,
				50FB9F521C56710200FABC78 /* UnifyCreative.pdf in Resources */,
			);
			runOnlyForDeploymentPostprocessing = 0;
		};
		50D6E1AC1C565BB200D2AB95 /* Resources */ = {
			isa = PBXResourcesBuildPhase;
			buildActionMask = 2147483647;
			files = (
				25F48ADB1C6B7FC200D0E3CE /* GoogleService-Info.plist in Resources */,
			);
			runOnlyForDeploymentPostprocessing = 0;
		};
		50D6E1B71C565BB200D2AB95 /* Resources */ = {
			isa = PBXResourcesBuildPhase;
			buildActionMask = 2147483647;
			files = (
				25F48ADC1C6B7FC200D0E3CE /* GoogleService-Info.plist in Resources */,
			);
			runOnlyForDeploymentPostprocessing = 0;
		};
/* End PBXResourcesBuildPhase section */

/* Begin PBXShellScriptBuildPhase section */
		11CE0D1E9E7F1AD65D90478E /* [CP] Check Pods Manifest.lock */ = {
			isa = PBXShellScriptBuildPhase;
			buildActionMask = 2147483647;
			files = (
			);
			inputPaths = (
			);
			name = "[CP] Check Pods Manifest.lock";
			outputPaths = (
			);
			runOnlyForDeploymentPostprocessing = 0;
			shellPath = /bin/sh;
			shellScript = "diff \"${PODS_ROOT}/../Podfile.lock\" \"${PODS_ROOT}/Manifest.lock\" > /dev/null\nif [ $? != 0 ] ; then\n    # print error to STDERR\n    echo \"error: The sandbox is not in sync with the Podfile.lock. Run 'pod install' or update your CocoaPods installation.\" >&2\n    exit 1\nfi\n";
			showEnvVarsInLog = 0;
		};
		48337741A4936A9EFDC45365 /* [CP] Copy Pods Resources */ = {
			isa = PBXShellScriptBuildPhase;
			buildActionMask = 2147483647;
			files = (
			);
			inputPaths = (
			);
			name = "[CP] Copy Pods Resources";
			outputPaths = (
			);
			runOnlyForDeploymentPostprocessing = 0;
			shellPath = /bin/sh;
			shellScript = "\"${SRCROOT}/Pods/Target Support Files/Pods-UnifyPOD/Pods-UnifyPOD-resources.sh\"\n";
			showEnvVarsInLog = 0;
		};
		CC440BF81F87165A8B08B196 /* [CP] Embed Pods Frameworks */ = {
			isa = PBXShellScriptBuildPhase;
			buildActionMask = 2147483647;
			files = (
			);
			inputPaths = (
			);
			name = "[CP] Embed Pods Frameworks";
			outputPaths = (
			);
			runOnlyForDeploymentPostprocessing = 0;
			shellPath = /bin/sh;
			shellScript = "\"${SRCROOT}/Pods/Target Support Files/Pods-UnifyPOD/Pods-UnifyPOD-frameworks.sh\"\n";
			showEnvVarsInLog = 0;
		};
/* End PBXShellScriptBuildPhase section */

/* Begin PBXSourcesBuildPhase section */
		50D6E1961C565BB200D2AB95 /* Sources */ = {
			isa = PBXSourcesBuildPhase;
			buildActionMask = 2147483647;
			files = (
				50FB9F481C565F0400FABC78 /* KioskApplication.swift in Sources */,
				50FB9F4B1C56603D00FABC78 /* PODClient.swift in Sources */,
				50FB9F5C1C57DB7F00FABC78 /* DocumentTreeViewController.swift in Sources */,
				50FB9F541C567A7500FABC78 /* HomeViewController.swift in Sources */,
				50323CC41C84A6EE00C67935 /* CategoryIcon.swift in Sources */,
				50FB9F581C56B4B700FABC78 /* PODSettings.swift in Sources */,
				50FB9F491C565F0400FABC78 /* main.swift in Sources */,
				50FB9F5E1C57DDCE00FABC78 /* DocumentTreeSectionCell.swift in Sources */,
				50FB9F621C57E40500FABC78 /* Content.swift in Sources */,
				50D6E19E1C565BB200D2AB95 /* AppDelegate.swift in Sources */,
				50FB9F4F1C5668EC00FABC78 /* PDFViewController.swift in Sources */,
				50FB9F4D1C56658300FABC78 /* BaseViewController.swift in Sources */,
				50FB9F561C569B2500FABC78 /* SettingsViewController.swift in Sources */,
				5025D8341C5949C5002FF8F4 /* PopupEmailViewController.swift in Sources */,
				5025D8321C5949B3002FF8F4 /* PopupSuccessViewController.swift in Sources */,
				50FB9F601C57E39700FABC78 /* Category.swift in Sources */,
			);
			runOnlyForDeploymentPostprocessing = 0;
		};
		50D6E1AA1C565BB200D2AB95 /* Sources */ = {
			isa = PBXSourcesBuildPhase;
			buildActionMask = 2147483647;
			files = (
			);
			runOnlyForDeploymentPostprocessing = 0;
		};
		50D6E1B51C565BB200D2AB95 /* Sources */ = {
			isa = PBXSourcesBuildPhase;
			buildActionMask = 2147483647;
			files = (
			);
			runOnlyForDeploymentPostprocessing = 0;
		};
/* End PBXSourcesBuildPhase section */

/* Begin PBXTargetDependency section */
		50D6E1B01C565BB200D2AB95 /* PBXTargetDependency */ = {
			isa = PBXTargetDependency;
			target = 50D6E1991C565BB200D2AB95 /* UnifyPOD */;
			targetProxy = 50D6E1AF1C565BB200D2AB95 /* PBXContainerItemProxy */;
		};
		50D6E1BB1C565BB200D2AB95 /* PBXTargetDependency */ = {
			isa = PBXTargetDependency;
			target = 50D6E1991C565BB200D2AB95 /* UnifyPOD */;
			targetProxy = 50D6E1BA1C565BB200D2AB95 /* PBXContainerItemProxy */;
		};
/* End PBXTargetDependency section */

/* Begin PBXVariantGroup section */
		50D6E1A11C565BB200D2AB95 /* Main.storyboard */ = {
			isa = PBXVariantGroup;
			children = (
				50D6E1A21C565BB200D2AB95 /* Base */,
			);
			name = Main.storyboard;
			sourceTree = "<group>";
		};
		50D6E1A61C565BB200D2AB95 /* LaunchScreen.storyboard */ = {
			isa = PBXVariantGroup;
			children = (
				50D6E1A71C565BB200D2AB95 /* Base */,
			);
			name = LaunchScreen.storyboard;
			sourceTree = "<group>";
		};
/* End PBXVariantGroup section */

/* Begin XCBuildConfiguration section */
		50D6E1C01C565BB200D2AB95 /* Debug */ = {
			isa = XCBuildConfiguration;
			buildSettings = {
				ALWAYS_SEARCH_USER_PATHS = NO;
				CLANG_CXX_LANGUAGE_STANDARD = "gnu++0x";
				CLANG_CXX_LIBRARY = "libc++";
				CLANG_ENABLE_MODULES = YES;
				CLANG_ENABLE_OBJC_ARC = YES;
				CLANG_WARN_BOOL_CONVERSION = YES;
				CLANG_WARN_CONSTANT_CONVERSION = YES;
				CLANG_WARN_DIRECT_OBJC_ISA_USAGE = YES_ERROR;
				CLANG_WARN_EMPTY_BODY = YES;
				CLANG_WARN_ENUM_CONVERSION = YES;
				CLANG_WARN_INFINITE_RECURSION = YES;
				CLANG_WARN_INT_CONVERSION = YES;
				CLANG_WARN_OBJC_ROOT_CLASS = YES_ERROR;
				CLANG_WARN_SUSPICIOUS_MOVE = YES;
				CLANG_WARN_UNREACHABLE_CODE = YES;
				CLANG_WARN__DUPLICATE_METHOD_MATCH = YES;
				CODE_SIGN_IDENTITY = "iPhone Developer";
				"CODE_SIGN_IDENTITY[sdk=iphoneos*]" = "iPhone Developer";
				COPY_PHASE_STRIP = NO;
				DEBUG_INFORMATION_FORMAT = dwarf;
				ENABLE_STRICT_OBJC_MSGSEND = YES;
				ENABLE_TESTABILITY = YES;
				GCC_C_LANGUAGE_STANDARD = gnu99;
				GCC_DYNAMIC_NO_PIC = NO;
				GCC_NO_COMMON_BLOCKS = YES;
				GCC_OPTIMIZATION_LEVEL = 0;
				GCC_PREPROCESSOR_DEFINITIONS = (
					"DEBUG=1",
					"$(inherited)",
				);
				GCC_WARN_64_TO_32_BIT_CONVERSION = YES;
				GCC_WARN_ABOUT_RETURN_TYPE = YES_ERROR;
				GCC_WARN_UNDECLARED_SELECTOR = YES;
				GCC_WARN_UNINITIALIZED_AUTOS = YES_AGGRESSIVE;
				GCC_WARN_UNUSED_FUNCTION = YES;
				GCC_WARN_UNUSED_VARIABLE = YES;
				IPHONEOS_DEPLOYMENT_TARGET = 9.2;
				MTL_ENABLE_DEBUG_INFO = YES;
				ONLY_ACTIVE_ARCH = YES;
				SDKROOT = iphoneos;
				SWIFT_OBJC_BRIDGING_HEADER = Unify/UnifyBridgingHeader.h;
				SWIFT_OPTIMIZATION_LEVEL = "-Onone";
				TARGETED_DEVICE_FAMILY = 2;
			};
			name = Debug;
		};
		50D6E1C11C565BB200D2AB95 /* Release */ = {
			isa = XCBuildConfiguration;
			buildSettings = {
				ALWAYS_SEARCH_USER_PATHS = NO;
				CLANG_CXX_LANGUAGE_STANDARD = "gnu++0x";
				CLANG_CXX_LIBRARY = "libc++";
				CLANG_ENABLE_MODULES = YES;
				CLANG_ENABLE_OBJC_ARC = YES;
				CLANG_WARN_BOOL_CONVERSION = YES;
				CLANG_WARN_CONSTANT_CONVERSION = YES;
				CLANG_WARN_DIRECT_OBJC_ISA_USAGE = YES_ERROR;
				CLANG_WARN_EMPTY_BODY = YES;
				CLANG_WARN_ENUM_CONVERSION = YES;
				CLANG_WARN_INFINITE_RECURSION = YES;
				CLANG_WARN_INT_CONVERSION = YES;
				CLANG_WARN_OBJC_ROOT_CLASS = YES_ERROR;
				CLANG_WARN_SUSPICIOUS_MOVE = YES;
				CLANG_WARN_UNREACHABLE_CODE = YES;
				CLANG_WARN__DUPLICATE_METHOD_MATCH = YES;
				CODE_SIGN_IDENTITY = "iPhone Developer";
				"CODE_SIGN_IDENTITY[sdk=iphoneos*]" = "iPhone Developer";
				COPY_PHASE_STRIP = NO;
				DEBUG_INFORMATION_FORMAT = "dwarf-with-dsym";
				ENABLE_NS_ASSERTIONS = NO;
				ENABLE_STRICT_OBJC_MSGSEND = YES;
				GCC_C_LANGUAGE_STANDARD = gnu99;
				GCC_NO_COMMON_BLOCKS = YES;
				GCC_WARN_64_TO_32_BIT_CONVERSION = YES;
				GCC_WARN_ABOUT_RETURN_TYPE = YES_ERROR;
				GCC_WARN_UNDECLARED_SELECTOR = YES;
				GCC_WARN_UNINITIALIZED_AUTOS = YES_AGGRESSIVE;
				GCC_WARN_UNUSED_FUNCTION = YES;
				GCC_WARN_UNUSED_VARIABLE = YES;
				IPHONEOS_DEPLOYMENT_TARGET = 9.2;
				MTL_ENABLE_DEBUG_INFO = NO;
				SDKROOT = iphoneos;
				SWIFT_OBJC_BRIDGING_HEADER = Unify/UnifyBridgingHeader.h;
				SWIFT_OPTIMIZATION_LEVEL = "-Owholemodule";
				TARGETED_DEVICE_FAMILY = 2;
				VALIDATE_PRODUCT = YES;
			};
			name = Release;
		};
		50D6E1C31C565BB200D2AB95 /* Debug */ = {
			isa = XCBuildConfiguration;
			baseConfigurationReference = 76E2668DA7EADABB9B88BFDA /* Pods-UnifyPOD.debug.xcconfig */;
			buildSettings = {
				ALWAYS_EMBED_SWIFT_STANDARD_LIBRARIES = YES;
				ASSETCATALOG_COMPILER_APPICON_NAME = AppIcon;
				ASSETCATALOG_COMPILER_LAUNCHIMAGE_NAME = "Brand Assets";
				CODE_SIGN_IDENTITY = "iPhone Developer";
				DEVELOPMENT_TEAM = 8SCC8M6QU6;
				ENABLE_BITCODE = NO;
				FRAMEWORK_SEARCH_PATHS = (
					"$(inherited)",
					"$(SRCROOT)",
				);
				INFOPLIST_FILE = Unify/Info.plist;
				IPHONEOS_DEPLOYMENT_TARGET = 10.0;
				LD_RUNPATH_SEARCH_PATHS = "$(inherited) @executable_path/Frameworks";
				PRODUCT_BUNDLE_IDENTIFIER = com.adrenaline.unify;
				PRODUCT_NAME = UnifyPOD;
				PROVISIONING_PROFILE = "3f560053-4c1f-4c25-a824-b5284c2c68d8";
				PROVISIONING_PROFILE_SPECIFIER = UnifyPOD20161026;
				SWIFT_OBJC_BRIDGING_HEADER = Unify/UnifyBridgingHeader.h;
				SWIFT_VERSION = 3.0;
			};
			name = Debug;
		};
		50D6E1C41C565BB200D2AB95 /* Release */ = {
			isa = XCBuildConfiguration;
			baseConfigurationReference = 2C205E0E09880D50FC6FCF36 /* Pods-UnifyPOD.release.xcconfig */;
			buildSettings = {
				ALWAYS_EMBED_SWIFT_STANDARD_LIBRARIES = YES;
				ASSETCATALOG_COMPILER_APPICON_NAME = AppIcon;
				ASSETCATALOG_COMPILER_LAUNCHIMAGE_NAME = "Brand Assets";
				CODE_SIGN_IDENTITY = "iPhone Developer";
				DEVELOPMENT_TEAM = 8SCC8M6QU6;
				ENABLE_BITCODE = NO;
				FRAMEWORK_SEARCH_PATHS = (
					"$(inherited)",
					"$(SRCROOT)",
				);
				INFOPLIST_FILE = Unify/Info.plist;
				IPHONEOS_DEPLOYMENT_TARGET = 10.0;
				LD_RUNPATH_SEARCH_PATHS = "$(inherited) @executable_path/Frameworks";
				PRODUCT_BUNDLE_IDENTIFIER = com.adrenaline.unify;
				PRODUCT_NAME = UnifyPOD;
				PROVISIONING_PROFILE = "3f560053-4c1f-4c25-a824-b5284c2c68d8";
				PROVISIONING_PROFILE_SPECIFIER = UnifyPOD20161026;
				SWIFT_OBJC_BRIDGING_HEADER = Unify/UnifyBridgingHeader.h;
				SWIFT_VERSION = 3.0;
			};
			name = Release;
		};
		50D6E1C61C565BB200D2AB95 /* Debug */ = {
			isa = XCBuildConfiguration;
			buildSettings = {
				BUNDLE_LOADER = "$(TEST_HOST)";
				INFOPLIST_FILE = UnifyTests/Info.plist;
				LD_RUNPATH_SEARCH_PATHS = "$(inherited) @executable_path/Frameworks @loader_path/Frameworks";
				PRODUCT_BUNDLE_IDENTIFIER = com.adrenaline.printondemand.UnifyTests;
				PRODUCT_NAME = UnifyPOD;
				SWIFT_VERSION = 3.0;
				TEST_HOST = "$(BUILT_PRODUCTS_DIR)/UnifyPOD.app/UnifyPOD";
			};
			name = Debug;
		};
		50D6E1C71C565BB200D2AB95 /* Release */ = {
			isa = XCBuildConfiguration;
			buildSettings = {
				BUNDLE_LOADER = "$(TEST_HOST)";
				INFOPLIST_FILE = UnifyTests/Info.plist;
				LD_RUNPATH_SEARCH_PATHS = "$(inherited) @executable_path/Frameworks @loader_path/Frameworks";
				PRODUCT_BUNDLE_IDENTIFIER = com.adrenaline.printondemand.UnifyTests;
				PRODUCT_NAME = UnifyPOD;
				SWIFT_VERSION = 3.0;
				TEST_HOST = "$(BUILT_PRODUCTS_DIR)/UnifyPOD.app/UnifyPOD";
			};
			name = Release;
		};
		50D6E1C91C565BB200D2AB95 /* Debug */ = {
			isa = XCBuildConfiguration;
			buildSettings = {
				INFOPLIST_FILE = UnifyUITests/Info.plist;
				LD_RUNPATH_SEARCH_PATHS = "$(inherited) @executable_path/Frameworks @loader_path/Frameworks";
				PRODUCT_BUNDLE_IDENTIFIER = com.adrenaline.printondemand.UnifyUITests;
				PRODUCT_NAME = UnifyPOD;
				SWIFT_VERSION = 3.0;
				TEST_TARGET_NAME = Unify;
				USES_XCTRUNNER = YES;
			};
			name = Debug;
		};
		50D6E1CA1C565BB200D2AB95 /* Release */ = {
			isa = XCBuildConfiguration;
			buildSettings = {
				INFOPLIST_FILE = UnifyUITests/Info.plist;
				LD_RUNPATH_SEARCH_PATHS = "$(inherited) @executable_path/Frameworks @loader_path/Frameworks";
				PRODUCT_BUNDLE_IDENTIFIER = com.adrenaline.printondemand.UnifyUITests;
				PRODUCT_NAME = UnifyPOD;
				SWIFT_VERSION = 3.0;
				TEST_TARGET_NAME = Unify;
				USES_XCTRUNNER = YES;
			};
			name = Release;
		};
/* End XCBuildConfiguration section */

/* Begin XCConfigurationList section */
		50D6E1951C565BB200D2AB95 /* Build configuration list for PBXProject "UnifyPOD" */ = {
			isa = XCConfigurationList;
			buildConfigurations = (
				50D6E1C01C565BB200D2AB95 /* Debug */,
				50D6E1C11C565BB200D2AB95 /* Release */,
			);
			defaultConfigurationIsVisible = 0;
			defaultConfigurationName = Release;
		};
		50D6E1C21C565BB200D2AB95 /* Build configuration list for PBXNativeTarget "UnifyPOD" */ = {
			isa = XCConfigurationList;
			buildConfigurations = (
				50D6E1C31C565BB200D2AB95 /* Debug */,
				50D6E1C41C565BB200D2AB95 /* Release */,
			);
			defaultConfigurationIsVisible = 0;
			defaultConfigurationName = Release;
		};
		50D6E1C51C565BB200D2AB95 /* Build configuration list for PBXNativeTarget "UnifyPODTests" */ = {
			isa = XCConfigurationList;
			buildConfigurations = (
				50D6E1C61C565BB200D2AB95 /* Debug */,
				50D6E1C71C565BB200D2AB95 /* Release */,
			);
			defaultConfigurationIsVisible = 0;
			defaultConfigurationName = Release;
		};
		50D6E1C81C565BB200D2AB95 /* Build configuration list for PBXNativeTarget "UnifyPODUITests" */ = {
			isa = XCConfigurationList;
			buildConfigurations = (
				50D6E1C91C565BB200D2AB95 /* Debug */,
				50D6E1CA1C565BB200D2AB95 /* Release */,
			);
			defaultConfigurationIsVisible = 0;
			defaultConfigurationName = Release;
		};
/* End XCConfigurationList section */
	};
	rootObject = 50D6E1921C565BB200D2AB95 /* Project object */;
}
